{
  "object": {
    "pins": [
      {
        "package": "UIComponents",
        "repositoryURL": "/Users/markwebb/Repositories/Personal/ios-components",
        "state": {
          "branch": null,
          "revision": "9518f9176a036e1c6bd069f11b38ba6ec7856f4c",
          "version": "1628855731.0.0"
        }
      },
      {
        "package": "SnapKit",
        "repositoryURL": "https://github.com/SnapKit/SnapKit.git",
        "state": {
          "branch": null,
          "revision": "d458564516e5676af9c70b4f4b2a9178294f1bc6",
          "version": "5.0.1"
        }
      }
    ]
  },
  "version": 1
}
