{
  "object": {
    "pins": [
      {
        "package": "UIComponents",
        "repositoryURL": "/Users/markwebb/Repositories/Personal/ios-components",
        "state": {
          "branch": null,
          "revision": "3789e7f2491469cc5aa25d12b763c8caf17e5f60",
          "version": "1628856238.0.0"
        }
      },
      {
        "package": "SnapKit",
        "repositoryURL": "https://github.com/SnapKit/SnapKit.git",
        "state": {
          "branch": null,
          "revision": "d458564516e5676af9c70b4f4b2a9178294f1bc6",
          "version": "5.0.1"
        }
      }
    ]
  },
  "version": 1
}
